
Microsoft Visual Studio Solution File, Format Version 12.00
# Visual Studio 15
VisualStudioVersion = 15.0.28307.489
MinimumVisualStudioVersion = 10.0.40219.1
Project("{FAE04EC0-301F-11D3-BF4B-00C04F79EFBC}") = "EmulatorHub", "EmulatorHub\EmulatorHub.csproj", "{1F1373A0-2A49-4D4D-9645-3F9421DCDB68}"
EndProject
Global
	GlobalSection(SolutionConfigurationPlatforms) = preSolution
		Debug|Any CPU = Debug|Any CPU
		Release|Any CPU = Release|Any CPU
	EndGlobalSection
	GlobalSection(ProjectConfigurationPlatforms) = postSolution
		{1F1373A0-2A49-4D4D-9645-3F9421DCDB68}.Debug|Any CPU.ActiveCfg = Debug|Any CPU
		{1F1373A0-2A49-4D4D-9645-3F9421DCDB68}.Debug|Any CPU.Build.0 = Debug|Any CPU
		{1F1373A0-2A49-4D4D-9645-3F9421DCDB68}.Release|Any CPU.ActiveCfg = Release|Any CPU
		{1F1373A0-2A49-4D4D-9645-3F9421DCDB68}.Release|Any CPU.Build.0 = Release|Any CPU
	EndGlobalSection
	GlobalSection(SolutionProperties) = preSolution
		HideSolutionNode = FALSE
	EndGlobalSection
	GlobalSection(ExtensibilityGlobals) = postSolution
		SolutionGuid = {DFE8436B-77EA-485C-B900-127F1F5ABB0A}
	EndGlobalSection
EndGlobal
